
Microsoft Visual Studio Solution File, Format Version 12.00
# Visual Studio Version 16
VisualStudioVersion = 16.0.31911.196
MinimumVisualStudioVersion = 10.0.40219.1
Project("{FAE04EC0-301F-11D3-BF4B-00C04F79EFBC}") = "DesignYourself", "DesignYourself\DesignYourself.csproj", "{1DE70D2A-EC1F-45C9-9620-A0C289CDAECE}"
EndProject
Global
	GlobalSection(SolutionConfigurationPlatforms) = preSolution
		Debug|Any CPU = Debug|Any CPU
		Release|Any CPU = Release|Any CPU
	EndGlobalSection
	GlobalSection(ProjectConfigurationPlatforms) = postSolution
		{1DE70D2A-EC1F-45C9-9620-A0C289CDAECE}.Debug|Any CPU.ActiveCfg = Debug|Any CPU
		{1DE70D2A-EC1F-45C9-9620-A0C289CDAECE}.Debug|Any CPU.Build.0 = Debug|Any CPU
		{1DE70D2A-EC1F-45C9-9620-A0C289CDAECE}.Release|Any CPU.ActiveCfg = Release|Any CPU
		{1DE70D2A-EC1F-45C9-9620-A0C289CDAECE}.Release|Any CPU.Build.0 = Release|Any CPU
	EndGlobalSection
	GlobalSection(SolutionProperties) = preSolution
		HideSolutionNode = FALSE
	EndGlobalSection
	GlobalSection(ExtensibilityGlobals) = postSolution
		SolutionGuid = {E5F6F8C6-7C4D-4264-962B-0D436E0B51F2}
	EndGlobalSection
EndGlobal
